
Microsoft Visual Studio Solution File, Format Version 12.00
# Visual Studio Version 16
VisualStudioVersion = 16.0.31515.178
MinimumVisualStudioVersion = 10.0.40219.1
Project("{FAE04EC0-301F-11D3-BF4B-00C04F79EFBC}") = "AzureApp", "AzureApp\AzureApp.csproj", "{63EBA104-3F3A-4AE5-B395-57697E12C741}"
EndProject
Global
	GlobalSection(SolutionConfigurationPlatforms) = preSolution
		Debug|Any CPU = Debug|Any CPU
		Release|Any CPU = Release|Any CPU
	EndGlobalSection
	GlobalSection(ProjectConfigurationPlatforms) = postSolution
		{63EBA104-3F3A-4AE5-B395-57697E12C741}.Debug|Any CPU.ActiveCfg = Debug|Any CPU
		{63EBA104-3F3A-4AE5-B395-57697E12C741}.Debug|Any CPU.Build.0 = Debug|Any CPU
		{63EBA104-3F3A-4AE5-B395-57697E12C741}.Release|Any CPU.ActiveCfg = Release|Any CPU
		{63EBA104-3F3A-4AE5-B395-57697E12C741}.Release|Any CPU.Build.0 = Release|Any CPU
	EndGlobalSection
	GlobalSection(SolutionProperties) = preSolution
		HideSolutionNode = FALSE
	EndGlobalSection
	GlobalSection(ExtensibilityGlobals) = postSolution
		SolutionGuid = {E5DCAEAD-12C1-46F5-8145-BBA02FEE6EDC}
	EndGlobalSection
EndGlobal
